
Microsoft Visual Studio Solution File, Format Version 12.00
Project("{FAE04EC0-301F-11D3-BF4B-00C04F79EFBC}") = "AdventOfCode2017.App", "AdventOfCode2017.App\AdventOfCode2017.App.csproj", "{2DA8DCB6-C045-4D65-8BE1-EEDB6090D876}"
EndProject
Project("{FAE04EC0-301F-11D3-BF4B-00C04F79EFBC}") = "AdventOfCode2017.Tests", "AdventOfCode2017.Tests\AdventOfCode2017.Tests.csproj", "{B2A8539E-DBF0-4FFF-9718-70695B61D32B}"
EndProject
Global
	GlobalSection(SolutionConfigurationPlatforms) = preSolution
		Debug|Any CPU = Debug|Any CPU
		Release|Any CPU = Release|Any CPU
	EndGlobalSection
	GlobalSection(ProjectConfigurationPlatforms) = postSolution
		{2DA8DCB6-C045-4D65-8BE1-EEDB6090D876}.Debug|Any CPU.ActiveCfg = Debug|Any CPU
		{2DA8DCB6-C045-4D65-8BE1-EEDB6090D876}.Debug|Any CPU.Build.0 = Debug|Any CPU
		{2DA8DCB6-C045-4D65-8BE1-EEDB6090D876}.Release|Any CPU.ActiveCfg = Release|Any CPU
		{2DA8DCB6-C045-4D65-8BE1-EEDB6090D876}.Release|Any CPU.Build.0 = Release|Any CPU
		{B2A8539E-DBF0-4FFF-9718-70695B61D32B}.Debug|Any CPU.ActiveCfg = Debug|Any CPU
		{B2A8539E-DBF0-4FFF-9718-70695B61D32B}.Debug|Any CPU.Build.0 = Debug|Any CPU
		{B2A8539E-DBF0-4FFF-9718-70695B61D32B}.Release|Any CPU.ActiveCfg = Release|Any CPU
		{B2A8539E-DBF0-4FFF-9718-70695B61D32B}.Release|Any CPU.Build.0 = Release|Any CPU
	EndGlobalSection
EndGlobal
